// !$*UTF8*$!
{
	archiveVersion = 1;
	classes = {
	};
	objectVersion = 56;
	objects = {

/* Begin PBXBuildFile section */
		CB0591892B7B247900DE5EF9 /* CardsApp.swift in Sources */ = {isa = PBXBuildFile; fileRef = CB0591882B7B247900DE5EF9 /* CardsApp.swift */; };
		CB05918B2B7B247900DE5EF9 /* CardList.swift in Sources */ = {isa = PBXBuildFile; fileRef = CB05918A2B7B247900DE5EF9 /* CardList.swift */; };
		CB05918D2B7B247C00DE5EF9 /* Assets.xcassets in Resources */ = {isa = PBXBuildFile; fileRef = CB05918C2B7B247C00DE5EF9 /* Assets.xcassets */; };
		CB0591902B7B247D00DE5EF9 /* Preview Assets.xcassets in Resources */ = {isa = PBXBuildFile; fileRef = CB05918F2B7B247D00DE5EF9 /* Preview Assets.xcassets */; };
		CB0591A92B7B247D00DE5EF9 /* CardsUITests.swift in Sources */ = {isa = PBXBuildFile; fileRef = CB0591A82B7B247D00DE5EF9 /* CardsUITests.swift */; };
		CB0591AB2B7B247D00DE5EF9 /* CardsUITestsLaunchTests.swift in Sources */ = {isa = PBXBuildFile; fileRef = CB0591AA2B7B247D00DE5EF9 /* CardsUITestsLaunchTests.swift */; };
		CB0591CA2B7B260700DE5EF9 /* HTTPClientProtocol.swift in Sources */ = {isa = PBXBuildFile; fileRef = CB0591C92B7B260700DE5EF9 /* HTTPClientProtocol.swift */; };
		CB0591CC2B7B266100DE5EF9 /* RestClient.swift in Sources */ = {isa = PBXBuildFile; fileRef = CB0591CB2B7B266100DE5EF9 /* RestClient.swift */; };
		CB0591CE2B7B270B00DE5EF9 /* APIProtocol.swift in Sources */ = {isa = PBXBuildFile; fileRef = CB0591CD2B7B270B00DE5EF9 /* APIProtocol.swift */; };
		CB0591D02B7B274600DE5EF9 /* API+Private.swift in Sources */ = {isa = PBXBuildFile; fileRef = CB0591CF2B7B274600DE5EF9 /* API+Private.swift */; };
		CB0591D22B7B286D00DE5EF9 /* API+Public.swift in Sources */ = {isa = PBXBuildFile; fileRef = CB0591D12B7B286D00DE5EF9 /* API+Public.swift */; };
		CB0591D62B7B2A5900DE5EF9 /* API_Tests.swift in Sources */ = {isa = PBXBuildFile; fileRef = CB0591D52B7B2A5900DE5EF9 /* API_Tests.swift */; };
		CB1BFC4B2B7B2F460001447A /* CardModel.swift in Sources */ = {isa = PBXBuildFile; fileRef = CB1BFC4A2B7B2F460001447A /* CardModel.swift */; };
		CB1BFC4D2B7B30080001447A /* APIServiceProtocol.swift in Sources */ = {isa = PBXBuildFile; fileRef = CB1BFC4C2B7B30080001447A /* APIServiceProtocol.swift */; };
		CB1BFC4F2B7B304C0001447A /* APIService.swift in Sources */ = {isa = PBXBuildFile; fileRef = CB1BFC4E2B7B304C0001447A /* APIService.swift */; };
		CB1BFC522B7B31CD0001447A /* APIService_Tests.swift in Sources */ = {isa = PBXBuildFile; fileRef = CB1BFC512B7B31CD0001447A /* APIService_Tests.swift */; };
		CB1BFC562B7C0EFB0001447A /* RestClient_Tests.swift in Sources */ = {isa = PBXBuildFile; fileRef = CB1BFC552B7C0EFB0001447A /* RestClient_Tests.swift */; };
		CB1BFC582B7C119D0001447A /* CardListViewModel.swift in Sources */ = {isa = PBXBuildFile; fileRef = CB1BFC572B7C119D0001447A /* CardListViewModel.swift */; };
		CB1BFC5A2B7C13330001447A /* CardListRepoProtocol.swift in Sources */ = {isa = PBXBuildFile; fileRef = CB1BFC592B7C13330001447A /* CardListRepoProtocol.swift */; };
		CB1BFC5C2B7C13AD0001447A /* CardListRepoProvider.swift in Sources */ = {isa = PBXBuildFile; fileRef = CB1BFC5B2B7C13AD0001447A /* CardListRepoProvider.swift */; };
		CB1BFC5F2B7C14780001447A /* CardListRepoProvider_Tests.swift in Sources */ = {isa = PBXBuildFile; fileRef = CB1BFC5E2B7C14780001447A /* CardListRepoProvider_Tests.swift */; };
		CB1BFC642B7C19350001447A /* CardListViewModel_Test.swift in Sources */ = {isa = PBXBuildFile; fileRef = CB1BFC632B7C19350001447A /* CardListViewModel_Test.swift */; };
		CB1BFC672B7C1FA40001447A /* Swinject in Frameworks */ = {isa = PBXBuildFile; productRef = CB1BFC662B7C1FA40001447A /* Swinject */; };
		CB1BFC692B7C207D0001447A /* DIManager.swift in Sources */ = {isa = PBXBuildFile; fileRef = CB1BFC682B7C207D0001447A /* DIManager.swift */; };
		CB1BFC6C2B7C25230001447A /* DIManager_Test.swift in Sources */ = {isa = PBXBuildFile; fileRef = CB1BFC6B2B7C25230001447A /* DIManager_Test.swift */; };
		CB1BFC6E2B7C2BCC0001447A /* MockURLSession.swift in Sources */ = {isa = PBXBuildFile; fileRef = CB1BFC6D2B7C2BCC0001447A /* MockURLSession.swift */; };
		CB1BFC702B7C4D820001447A /* Cards.json in Resources */ = {isa = PBXBuildFile; fileRef = CB1BFC6F2B7C4D820001447A /* Cards.json */; };
		CB1BFC722B7C4D9D0001447A /* MockCards.swift in Sources */ = {isa = PBXBuildFile; fileRef = CB1BFC712B7C4D9D0001447A /* MockCards.swift */; };
		CB1BFC752B7C4E490001447A /* MockCards_Test.swift in Sources */ = {isa = PBXBuildFile; fileRef = CB1BFC742B7C4E490001447A /* MockCards_Test.swift */; };
		CBDE2E362B7C543F0089E2D7 /* CardRow.swift in Sources */ = {isa = PBXBuildFile; fileRef = CBDE2E352B7C543F0089E2D7 /* CardRow.swift */; };
/* End PBXBuildFile section */

/* Begin PBXContainerItemProxy section */
		CB05919B2B7B247D00DE5EF9 /* PBXContainerItemProxy */ = {
			isa = PBXContainerItemProxy;
			containerPortal = CB05917D2B7B247900DE5EF9 /* Project object */;
			proxyType = 1;
			remoteGlobalIDString = CB0591842B7B247900DE5EF9;
			remoteInfo = Cards;
		};
		CB0591A52B7B247D00DE5EF9 /* PBXContainerItemProxy */ = {
			isa = PBXContainerItemProxy;
			containerPortal = CB05917D2B7B247900DE5EF9 /* Project object */;
			proxyType = 1;
			remoteGlobalIDString = CB0591842B7B247900DE5EF9;
			remoteInfo = Cards;
		};
/* End PBXContainerItemProxy section */

/* Begin PBXFileReference section */
		CB0591852B7B247900DE5EF9 /* Cards.app */ = {isa = PBXFileReference; explicitFileType = wrapper.application; includeInIndex = 0; path = Cards.app; sourceTree = BUILT_PRODUCTS_DIR; };
		CB0591882B7B247900DE5EF9 /* CardsApp.swift */ = {isa = PBXFileReference; lastKnownFileType = sourcecode.swift; path = CardsApp.swift; sourceTree = "<group>"; };
		CB05918A2B7B247900DE5EF9 /* CardList.swift */ = {isa = PBXFileReference; lastKnownFileType = sourcecode.swift; path = CardList.swift; sourceTree = "<group>"; };
		CB05918C2B7B247C00DE5EF9 /* Assets.xcassets */ = {isa = PBXFileReference; lastKnownFileType = folder.assetcatalog; path = Assets.xcassets; sourceTree = "<group>"; };
		CB05918F2B7B247D00DE5EF9 /* Preview Assets.xcassets */ = {isa = PBXFileReference; lastKnownFileType = folder.assetcatalog; path = "Preview Assets.xcassets"; sourceTree = "<group>"; };
		CB05919A2B7B247D00DE5EF9 /* CardsTests.xctest */ = {isa = PBXFileReference; explicitFileType = wrapper.cfbundle; includeInIndex = 0; path = CardsTests.xctest; sourceTree = BUILT_PRODUCTS_DIR; };
		CB0591A42B7B247D00DE5EF9 /* CardsUITests.xctest */ = {isa = PBXFileReference; explicitFileType = wrapper.cfbundle; includeInIndex = 0; path = CardsUITests.xctest; sourceTree = BUILT_PRODUCTS_DIR; };
		CB0591A82B7B247D00DE5EF9 /* CardsUITests.swift */ = {isa = PBXFileReference; lastKnownFileType = sourcecode.swift; path = CardsUITests.swift; sourceTree = "<group>"; };
		CB0591AA2B7B247D00DE5EF9 /* CardsUITestsLaunchTests.swift */ = {isa = PBXFileReference; lastKnownFileType = sourcecode.swift; path = CardsUITestsLaunchTests.swift; sourceTree = "<group>"; };
		CB0591C92B7B260700DE5EF9 /* HTTPClientProtocol.swift */ = {isa = PBXFileReference; lastKnownFileType = sourcecode.swift; path = HTTPClientProtocol.swift; sourceTree = "<group>"; };
		CB0591CB2B7B266100DE5EF9 /* RestClient.swift */ = {isa = PBXFileReference; lastKnownFileType = sourcecode.swift; name = RestClient.swift; path = ../../../../../../../../Applications/RestClient.swift; sourceTree = "<group>"; };
		CB0591CD2B7B270B00DE5EF9 /* APIProtocol.swift */ = {isa = PBXFileReference; lastKnownFileType = sourcecode.swift; path = APIProtocol.swift; sourceTree = "<group>"; };
		CB0591CF2B7B274600DE5EF9 /* API+Private.swift */ = {isa = PBXFileReference; lastKnownFileType = sourcecode.swift; path = "API+Private.swift"; sourceTree = "<group>"; };
		CB0591D12B7B286D00DE5EF9 /* API+Public.swift */ = {isa = PBXFileReference; lastKnownFileType = sourcecode.swift; path = "API+Public.swift"; sourceTree = "<group>"; };
		CB0591D52B7B2A5900DE5EF9 /* API_Tests.swift */ = {isa = PBXFileReference; lastKnownFileType = sourcecode.swift; path = API_Tests.swift; sourceTree = "<group>"; };
		CB1BFC4A2B7B2F460001447A /* CardModel.swift */ = {isa = PBXFileReference; lastKnownFileType = sourcecode.swift; path = CardModel.swift; sourceTree = "<group>"; };
		CB1BFC4C2B7B30080001447A /* APIServiceProtocol.swift */ = {isa = PBXFileReference; lastKnownFileType = sourcecode.swift; path = APIServiceProtocol.swift; sourceTree = "<group>"; };
		CB1BFC4E2B7B304C0001447A /* APIService.swift */ = {isa = PBXFileReference; lastKnownFileType = sourcecode.swift; path = APIService.swift; sourceTree = "<group>"; };
		CB1BFC512B7B31CD0001447A /* APIService_Tests.swift */ = {isa = PBXFileReference; lastKnownFileType = sourcecode.swift; path = APIService_Tests.swift; sourceTree = "<group>"; };
		CB1BFC552B7C0EFB0001447A /* RestClient_Tests.swift */ = {isa = PBXFileReference; lastKnownFileType = sourcecode.swift; path = RestClient_Tests.swift; sourceTree = "<group>"; };
		CB1BFC572B7C119D0001447A /* CardListViewModel.swift */ = {isa = PBXFileReference; lastKnownFileType = sourcecode.swift; path = CardListViewModel.swift; sourceTree = "<group>"; };
		CB1BFC592B7C13330001447A /* CardListRepoProtocol.swift */ = {isa = PBXFileReference; lastKnownFileType = sourcecode.swift; path = CardListRepoProtocol.swift; sourceTree = "<group>"; };
		CB1BFC5B2B7C13AD0001447A /* CardListRepoProvider.swift */ = {isa = PBXFileReference; lastKnownFileType = sourcecode.swift; path = CardListRepoProvider.swift; sourceTree = "<group>"; };
		CB1BFC5E2B7C14780001447A /* CardListRepoProvider_Tests.swift */ = {isa = PBXFileReference; lastKnownFileType = sourcecode.swift; path = CardListRepoProvider_Tests.swift; sourceTree = "<group>"; };
		CB1BFC632B7C19350001447A /* CardListViewModel_Test.swift */ = {isa = PBXFileReference; lastKnownFileType = sourcecode.swift; path = CardListViewModel_Test.swift; sourceTree = "<group>"; };
		CB1BFC682B7C207D0001447A /* DIManager.swift */ = {isa = PBXFileReference; lastKnownFileType = sourcecode.swift; path = DIManager.swift; sourceTree = "<group>"; };
		CB1BFC6B2B7C25230001447A /* DIManager_Test.swift */ = {isa = PBXFileReference; lastKnownFileType = sourcecode.swift; path = DIManager_Test.swift; sourceTree = "<group>"; };
		CB1BFC6D2B7C2BCC0001447A /* MockURLSession.swift */ = {isa = PBXFileReference; lastKnownFileType = sourcecode.swift; path = MockURLSession.swift; sourceTree = "<group>"; };
		CB1BFC6F2B7C4D820001447A /* Cards.json */ = {isa = PBXFileReference; lastKnownFileType = text.json; path = Cards.json; sourceTree = "<group>"; };
		CB1BFC712B7C4D9D0001447A /* MockCards.swift */ = {isa = PBXFileReference; lastKnownFileType = sourcecode.swift; path = MockCards.swift; sourceTree = "<group>"; };
		CB1BFC742B7C4E490001447A /* MockCards_Test.swift */ = {isa = PBXFileReference; lastKnownFileType = sourcecode.swift; path = MockCards_Test.swift; sourceTree = "<group>"; };
		CBDE2E352B7C543F0089E2D7 /* CardRow.swift */ = {isa = PBXFileReference; lastKnownFileType = sourcecode.swift; path = CardRow.swift; sourceTree = "<group>"; };
/* End PBXFileReference section */

/* Begin PBXFrameworksBuildPhase section */
		CB0591822B7B247900DE5EF9 /* Frameworks */ = {
			isa = PBXFrameworksBuildPhase;
			buildActionMask = 2147483647;
			files = (
				CB1BFC672B7C1FA40001447A /* Swinject in Frameworks */,
			);
			runOnlyForDeploymentPostprocessing = 0;
		};
		CB0591972B7B247D00DE5EF9 /* Frameworks */ = {
			isa = PBXFrameworksBuildPhase;
			buildActionMask = 2147483647;
			files = (
			);
			runOnlyForDeploymentPostprocessing = 0;
		};
		CB0591A12B7B247D00DE5EF9 /* Frameworks */ = {
			isa = PBXFrameworksBuildPhase;
			buildActionMask = 2147483647;
			files = (
			);
			runOnlyForDeploymentPostprocessing = 0;
		};
/* End PBXFrameworksBuildPhase section */

/* Begin PBXGroup section */
		CB05917C2B7B247900DE5EF9 = {
			isa = PBXGroup;
			children = (
				CB0591872B7B247900DE5EF9 /* Cards */,
				CB05919D2B7B247D00DE5EF9 /* CardsTests */,
				CB0591A72B7B247D00DE5EF9 /* CardsUITests */,
				CB0591862B7B247900DE5EF9 /* Products */,
			);
			sourceTree = "<group>";
		};
		CB0591862B7B247900DE5EF9 /* Products */ = {
			isa = PBXGroup;
			children = (
				CB0591852B7B247900DE5EF9 /* Cards.app */,
				CB05919A2B7B247D00DE5EF9 /* CardsTests.xctest */,
				CB0591A42B7B247D00DE5EF9 /* CardsUITests.xctest */,
			);
			name = Products;
			sourceTree = "<group>";
		};
		CB0591872B7B247900DE5EF9 /* Cards */ = {
			isa = PBXGroup;
			children = (
				CB0591BC2B7B24D000DE5EF9 /* Data */,
				CB0591C32B7B24D000DE5EF9 /* Domain */,
				CB0591B72B7B24D000DE5EF9 /* Infrastructure */,
				CB0591BB2B7B24D000DE5EF9 /* Presentation */,
				CB0591882B7B247900DE5EF9 /* CardsApp.swift */,
				CB05918C2B7B247C00DE5EF9 /* Assets.xcassets */,
				CB05918E2B7B247D00DE5EF9 /* Preview Content */,
			);
			path = Cards;
			sourceTree = "<group>";
		};
		CB05918E2B7B247D00DE5EF9 /* Preview Content */ = {
			isa = PBXGroup;
			children = (
				CB05918F2B7B247D00DE5EF9 /* Preview Assets.xcassets */,
			);
			path = "Preview Content";
			sourceTree = "<group>";
		};
		CB05919D2B7B247D00DE5EF9 /* CardsTests */ = {
			isa = PBXGroup;
			children = (
				CB1BFC602B7C19100001447A /* Presentation */,
				CB1BFC532B7C0ED60001447A /* Infrastructure */,
				CB0591D32B7B2A0100DE5EF9 /* Data */,
			);
			path = CardsTests;
			sourceTree = "<group>";
		};
		CB0591A72B7B247D00DE5EF9 /* CardsUITests */ = {
			isa = PBXGroup;
			children = (
				CB0591A82B7B247D00DE5EF9 /* CardsUITests.swift */,
				CB0591AA2B7B247D00DE5EF9 /* CardsUITestsLaunchTests.swift */,
			);
			path = CardsUITests;
			sourceTree = "<group>";
		};
		CB0591B72B7B24D000DE5EF9 /* Infrastructure */ = {
			isa = PBXGroup;
			children = (
				CB0591B82B7B24D000DE5EF9 /* Networking */,
				CB0591B92B7B24D000DE5EF9 /* Mock */,
				CB0591BA2B7B24D000DE5EF9 /* Extensions */,
			);
			path = Infrastructure;
			sourceTree = "<group>";
		};
		CB0591B82B7B24D000DE5EF9 /* Networking */ = {
			isa = PBXGroup;
			children = (
				CB0591CB2B7B266100DE5EF9 /* RestClient.swift */,
			);
			path = Networking;
			sourceTree = "<group>";
		};
		CB0591B92B7B24D000DE5EF9 /* Mock */ = {
			isa = PBXGroup;
			children = (
				CB1BFC6F2B7C4D820001447A /* Cards.json */,
				CB1BFC712B7C4D9D0001447A /* MockCards.swift */,
			);
			path = Mock;
			sourceTree = "<group>";
		};
		CB0591BA2B7B24D000DE5EF9 /* Extensions */ = {
			isa = PBXGroup;
			children = (
			);
			path = Extensions;
			sourceTree = "<group>";
		};
		CB0591BB2B7B24D000DE5EF9 /* Presentation */ = {
			isa = PBXGroup;
			children = (
				CB0591C82B7B255600DE5EF9 /* CardList */,
			);
			path = Presentation;
			sourceTree = "<group>";
		};
		CB0591BC2B7B24D000DE5EF9 /* Data */ = {
			isa = PBXGroup;
			children = (
				CB0591BD2B7B24D000DE5EF9 /* Repository */,
				CB0591BE2B7B24D000DE5EF9 /* DI */,
				CB0591BF2B7B24D000DE5EF9 /* Networking */,
			);
			path = Data;
			sourceTree = "<group>";
		};
		CB0591BD2B7B24D000DE5EF9 /* Repository */ = {
			isa = PBXGroup;
			children = (
				CB1BFC5B2B7C13AD0001447A /* CardListRepoProvider.swift */,
			);
			path = Repository;
			sourceTree = "<group>";
		};
		CB0591BE2B7B24D000DE5EF9 /* DI */ = {
			isa = PBXGroup;
			children = (
				CB1BFC682B7C207D0001447A /* DIManager.swift */,
			);
			path = DI;
			sourceTree = "<group>";
		};
		CB0591BF2B7B24D000DE5EF9 /* Networking */ = {
			isa = PBXGroup;
			children = (
				CB0591C02B7B24D000DE5EF9 /* DataMapping */,
				CB0591C12B7B24D000DE5EF9 /* API */,
				CB0591C22B7B24D000DE5EF9 /* APIService */,
			);
			path = Networking;
			sourceTree = "<group>";
		};
		CB0591C02B7B24D000DE5EF9 /* DataMapping */ = {
			isa = PBXGroup;
			children = (
				CB1BFC4A2B7B2F460001447A /* CardModel.swift */,
			);
			path = DataMapping;
			sourceTree = "<group>";
		};
		CB0591C12B7B24D000DE5EF9 /* API */ = {
			isa = PBXGroup;
			children = (
				CB0591D12B7B286D00DE5EF9 /* API+Public.swift */,
				CB0591CF2B7B274600DE5EF9 /* API+Private.swift */,
			);
			path = API;
			sourceTree = "<group>";
		};
		CB0591C22B7B24D000DE5EF9 /* APIService */ = {
			isa = PBXGroup;
			children = (
				CB1BFC4E2B7B304C0001447A /* APIService.swift */,
			);
			path = APIService;
			sourceTree = "<group>";
		};
		CB0591C32B7B24D000DE5EF9 /* Domain */ = {
			isa = PBXGroup;
			children = (
				CB0591C42B7B24D000DE5EF9 /* Repository */,
				CB0591C52B7B24D000DE5EF9 /* Networking */,
			);
			path = Domain;
			sourceTree = "<group>";
		};
		CB0591C42B7B24D000DE5EF9 /* Repository */ = {
			isa = PBXGroup;
			children = (
				CB1BFC592B7C13330001447A /* CardListRepoProtocol.swift */,
			);
			path = Repository;
			sourceTree = "<group>";
		};
		CB0591C52B7B24D000DE5EF9 /* Networking */ = {
			isa = PBXGroup;
			children = (
				CB0591C62B7B24D000DE5EF9 /* API */,
				CB0591C72B7B24D000DE5EF9 /* APIService */,
				CB0591C92B7B260700DE5EF9 /* HTTPClientProtocol.swift */,
			);
			path = Networking;
			sourceTree = "<group>";
		};
		CB0591C62B7B24D000DE5EF9 /* API */ = {
			isa = PBXGroup;
			children = (
				CB0591CD2B7B270B00DE5EF9 /* APIProtocol.swift */,
			);
			path = API;
			sourceTree = "<group>";
		};
		CB0591C72B7B24D000DE5EF9 /* APIService */ = {
			isa = PBXGroup;
			children = (
				CB1BFC4C2B7B30080001447A /* APIServiceProtocol.swift */,
			);
			path = APIService;
			sourceTree = "<group>";
		};
		CB0591C82B7B255600DE5EF9 /* CardList */ = {
			isa = PBXGroup;
			children = (
				CBDE2E342B7C542F0089E2D7 /* Components */,
				CB05918A2B7B247900DE5EF9 /* CardList.swift */,
				CB1BFC572B7C119D0001447A /* CardListViewModel.swift */,
			);
			path = CardList;
			sourceTree = "<group>";
		};
		CB0591D32B7B2A0100DE5EF9 /* Data */ = {
			isa = PBXGroup;
			children = (
				CB1BFC6A2B7C25120001447A /* DI */,
				CB1BFC5D2B7C14630001447A /* Repository */,
				CB1BFC502B7B31AA0001447A /* APIService */,
				CB0591D42B7B2A0E00DE5EF9 /* API */,
			);
			path = Data;
			sourceTree = "<group>";
		};
		CB0591D42B7B2A0E00DE5EF9 /* API */ = {
			isa = PBXGroup;
			children = (
				CB0591D52B7B2A5900DE5EF9 /* API_Tests.swift */,
			);
			path = API;
			sourceTree = "<group>";
		};
		CB1BFC502B7B31AA0001447A /* APIService */ = {
			isa = PBXGroup;
			children = (
				CB1BFC512B7B31CD0001447A /* APIService_Tests.swift */,
			);
			path = APIService;
			sourceTree = "<group>";
		};
		CB1BFC532B7C0ED60001447A /* Infrastructure */ = {
			isa = PBXGroup;
			children = (
				CB1BFC732B7C4E360001447A /* Mock */,
				CB1BFC542B7C0EE90001447A /* Networking */,
			);
			path = Infrastructure;
			sourceTree = "<group>";
		};
		CB1BFC542B7C0EE90001447A /* Networking */ = {
			isa = PBXGroup;
			children = (
				CB1BFC552B7C0EFB0001447A /* RestClient_Tests.swift */,
				CB1BFC6D2B7C2BCC0001447A /* MockURLSession.swift */,
			);
			path = Networking;
			sourceTree = "<group>";
		};
		CB1BFC5D2B7C14630001447A /* Repository */ = {
			isa = PBXGroup;
			children = (
				CB1BFC5E2B7C14780001447A /* CardListRepoProvider_Tests.swift */,
			);
			path = Repository;
			sourceTree = "<group>";
		};
		CB1BFC602B7C19100001447A /* Presentation */ = {
			isa = PBXGroup;
			children = (
				CB1BFC612B7C191A0001447A /* CardList */,
			);
			path = Presentation;
			sourceTree = "<group>";
		};
		CB1BFC612B7C191A0001447A /* CardList */ = {
			isa = PBXGroup;
			children = (
				CB1BFC632B7C19350001447A /* CardListViewModel_Test.swift */,
			);
			path = CardList;
			sourceTree = "<group>";
		};
		CB1BFC6A2B7C25120001447A /* DI */ = {
			isa = PBXGroup;
			children = (
				CB1BFC6B2B7C25230001447A /* DIManager_Test.swift */,
			);
			path = DI;
			sourceTree = "<group>";
		};
		CB1BFC732B7C4E360001447A /* Mock */ = {
			isa = PBXGroup;
			children = (
				CB1BFC742B7C4E490001447A /* MockCards_Test.swift */,
			);
			path = Mock;
			sourceTree = "<group>";
		};
		CBDE2E342B7C542F0089E2D7 /* Components */ = {
			isa = PBXGroup;
			children = (
				CBDE2E352B7C543F0089E2D7 /* CardRow.swift */,
			);
			path = Components;
			sourceTree = "<group>";
		};
/* End PBXGroup section */

/* Begin PBXNativeTarget section */
		CB0591842B7B247900DE5EF9 /* Cards */ = {
			isa = PBXNativeTarget;
			buildConfigurationList = CB0591AE2B7B247D00DE5EF9 /* Build configuration list for PBXNativeTarget "Cards" */;
			buildPhases = (
				CB0591812B7B247900DE5EF9 /* Sources */,
				CB0591822B7B247900DE5EF9 /* Frameworks */,
				CB0591832B7B247900DE5EF9 /* Resources */,
			);
			buildRules = (
			);
			dependencies = (
			);
			name = Cards;
			packageProductDependencies = (
				CB1BFC662B7C1FA40001447A /* Swinject */,
			);
			productName = Cards;
			productReference = CB0591852B7B247900DE5EF9 /* Cards.app */;
			productType = "com.apple.product-type.application";
		};
		CB0591992B7B247D00DE5EF9 /* CardsTests */ = {
			isa = PBXNativeTarget;
			buildConfigurationList = CB0591B12B7B247D00DE5EF9 /* Build configuration list for PBXNativeTarget "CardsTests" */;
			buildPhases = (
				CB0591962B7B247D00DE5EF9 /* Sources */,
				CB0591972B7B247D00DE5EF9 /* Frameworks */,
				CB0591982B7B247D00DE5EF9 /* Resources */,
			);
			buildRules = (
			);
			dependencies = (
				CB05919C2B7B247D00DE5EF9 /* PBXTargetDependency */,
			);
			name = CardsTests;
			productName = CardsTests;
			productReference = CB05919A2B7B247D00DE5EF9 /* CardsTests.xctest */;
			productType = "com.apple.product-type.bundle.unit-test";
		};
		CB0591A32B7B247D00DE5EF9 /* CardsUITests */ = {
			isa = PBXNativeTarget;
			buildConfigurationList = CB0591B42B7B247D00DE5EF9 /* Build configuration list for PBXNativeTarget "CardsUITests" */;
			buildPhases = (
				CB0591A02B7B247D00DE5EF9 /* Sources */,
				CB0591A12B7B247D00DE5EF9 /* Frameworks */,
				CB0591A22B7B247D00DE5EF9 /* Resources */,
			);
			buildRules = (
			);
			dependencies = (
				CB0591A62B7B247D00DE5EF9 /* PBXTargetDependency */,
			);
			name = CardsUITests;
			productName = CardsUITests;
			productReference = CB0591A42B7B247D00DE5EF9 /* CardsUITests.xctest */;
			productType = "com.apple.product-type.bundle.ui-testing";
		};
/* End PBXNativeTarget section */

/* Begin PBXProject section */
		CB05917D2B7B247900DE5EF9 /* Project object */ = {
			isa = PBXProject;
			attributes = {
				BuildIndependentTargetsInParallel = 1;
				LastSwiftUpdateCheck = 1520;
				LastUpgradeCheck = 1520;
				TargetAttributes = {
					CB0591842B7B247900DE5EF9 = {
						CreatedOnToolsVersion = 15.2;
					};
					CB0591992B7B247D00DE5EF9 = {
						CreatedOnToolsVersion = 15.2;
						TestTargetID = CB0591842B7B247900DE5EF9;
					};
					CB0591A32B7B247D00DE5EF9 = {
						CreatedOnToolsVersion = 15.2;
						TestTargetID = CB0591842B7B247900DE5EF9;
					};
				};
			};
			buildConfigurationList = CB0591802B7B247900DE5EF9 /* Build configuration list for PBXProject "Cards" */;
			compatibilityVersion = "Xcode 14.0";
			developmentRegion = en;
			hasScannedForEncodings = 0;
			knownRegions = (
				en,
				Base,
			);
			mainGroup = CB05917C2B7B247900DE5EF9;
			packageReferences = (
				CB1BFC652B7C1FA40001447A /* XCRemoteSwiftPackageReference "Swinject" */,
			);
			productRefGroup = CB0591862B7B247900DE5EF9 /* Products */;
			projectDirPath = "";
			projectRoot = "";
			targets = (
				CB0591842B7B247900DE5EF9 /* Cards */,
				CB0591992B7B247D00DE5EF9 /* CardsTests */,
				CB0591A32B7B247D00DE5EF9 /* CardsUITests */,
			);
		};
/* End PBXProject section */

/* Begin PBXResourcesBuildPhase section */
		CB0591832B7B247900DE5EF9 /* Resources */ = {
			isa = PBXResourcesBuildPhase;
			buildActionMask = 2147483647;
			files = (
				CB0591902B7B247D00DE5EF9 /* Preview Assets.xcassets in Resources */,
				CB05918D2B7B247C00DE5EF9 /* Assets.xcassets in Resources */,
				CB1BFC702B7C4D820001447A /* Cards.json in Resources */,
			);
			runOnlyForDeploymentPostprocessing = 0;
		};
		CB0591982B7B247D00DE5EF9 /* Resources */ = {
			isa = PBXResourcesBuildPhase;
			buildActionMask = 2147483647;
			files = (
			);
			runOnlyForDeploymentPostprocessing = 0;
		};
		CB0591A22B7B247D00DE5EF9 /* Resources */ = {
			isa = PBXResourcesBuildPhase;
			buildActionMask = 2147483647;
			files = (
			);
			runOnlyForDeploymentPostprocessing = 0;
		};
/* End PBXResourcesBuildPhase section */

/* Begin PBXSourcesBuildPhase section */
		CB0591812B7B247900DE5EF9 /* Sources */ = {
			isa = PBXSourcesBuildPhase;
			buildActionMask = 2147483647;
			files = (
				CB1BFC5C2B7C13AD0001447A /* CardListRepoProvider.swift in Sources */,
				CB1BFC582B7C119D0001447A /* CardListViewModel.swift in Sources */,
				CB1BFC692B7C207D0001447A /* DIManager.swift in Sources */,
				CB1BFC5A2B7C13330001447A /* CardListRepoProtocol.swift in Sources */,
				CB0591CA2B7B260700DE5EF9 /* HTTPClientProtocol.swift in Sources */,
				CB0591CE2B7B270B00DE5EF9 /* APIProtocol.swift in Sources */,
				CB1BFC722B7C4D9D0001447A /* MockCards.swift in Sources */,
				CB05918B2B7B247900DE5EF9 /* CardList.swift in Sources */,
				CB0591D22B7B286D00DE5EF9 /* API+Public.swift in Sources */,
				CB0591892B7B247900DE5EF9 /* CardsApp.swift in Sources */,
				CB0591CC2B7B266100DE5EF9 /* RestClient.swift in Sources */,
				CB1BFC4D2B7B30080001447A /* APIServiceProtocol.swift in Sources */,
				CB0591D02B7B274600DE5EF9 /* API+Private.swift in Sources */,
				CB1BFC4F2B7B304C0001447A /* APIService.swift in Sources */,
				CBDE2E362B7C543F0089E2D7 /* CardRow.swift in Sources */,
				CB1BFC4B2B7B2F460001447A /* CardModel.swift in Sources */,
			);
			runOnlyForDeploymentPostprocessing = 0;
		};
		CB0591962B7B247D00DE5EF9 /* Sources */ = {
			isa = PBXSourcesBuildPhase;
			buildActionMask = 2147483647;
			files = (
				CB1BFC642B7C19350001447A /* CardListViewModel_Test.swift in Sources */,
				CB1BFC5F2B7C14780001447A /* CardListRepoProvider_Tests.swift in Sources */,
				CB1BFC6C2B7C25230001447A /* DIManager_Test.swift in Sources */,
				CB1BFC522B7B31CD0001447A /* APIService_Tests.swift in Sources */,
				CB1BFC6E2B7C2BCC0001447A /* MockURLSession.swift in Sources */,
				CB1BFC752B7C4E490001447A /* MockCards_Test.swift in Sources */,
				CB0591D62B7B2A5900DE5EF9 /* API_Tests.swift in Sources */,
				CB1BFC562B7C0EFB0001447A /* RestClient_Tests.swift in Sources */,
			);
			runOnlyForDeploymentPostprocessing = 0;
		};
		CB0591A02B7B247D00DE5EF9 /* Sources */ = {
			isa = PBXSourcesBuildPhase;
			buildActionMask = 2147483647;
			files = (
				CB0591AB2B7B247D00DE5EF9 /* CardsUITestsLaunchTests.swift in Sources */,
				CB0591A92B7B247D00DE5EF9 /* CardsUITests.swift in Sources */,
			);
			runOnlyForDeploymentPostprocessing = 0;
		};
/* End PBXSourcesBuildPhase section */

/* Begin PBXTargetDependency section */
		CB05919C2B7B247D00DE5EF9 /* PBXTargetDependency */ = {
			isa = PBXTargetDependency;
			target = CB0591842B7B247900DE5EF9 /* Cards */;
			targetProxy = CB05919B2B7B247D00DE5EF9 /* PBXContainerItemProxy */;
		};
		CB0591A62B7B247D00DE5EF9 /* PBXTargetDependency */ = {
			isa = PBXTargetDependency;
			target = CB0591842B7B247900DE5EF9 /* Cards */;
			targetProxy = CB0591A52B7B247D00DE5EF9 /* PBXContainerItemProxy */;
		};
/* End PBXTargetDependency section */

/* Begin XCBuildConfiguration section */
		CB0591AC2B7B247D00DE5EF9 /* Debug */ = {
			isa = XCBuildConfiguration;
			buildSettings = {
				ALWAYS_SEARCH_USER_PATHS = NO;
				ASSETCATALOG_COMPILER_GENERATE_SWIFT_ASSET_SYMBOL_EXTENSIONS = YES;
				CLANG_ANALYZER_NONNULL = YES;
				CLANG_ANALYZER_NUMBER_OBJECT_CONVERSION = YES_AGGRESSIVE;
				CLANG_CXX_LANGUAGE_STANDARD = "gnu++20";
				CLANG_ENABLE_MODULES = YES;
				CLANG_ENABLE_OBJC_ARC = YES;
				CLANG_ENABLE_OBJC_WEAK = YES;
				CLANG_WARN_BLOCK_CAPTURE_AUTORELEASING = YES;
				CLANG_WARN_BOOL_CONVERSION = YES;
				CLANG_WARN_COMMA = YES;
				CLANG_WARN_CONSTANT_CONVERSION = YES;
				CLANG_WARN_DEPRECATED_OBJC_IMPLEMENTATIONS = YES;
				CLANG_WARN_DIRECT_OBJC_ISA_USAGE = YES_ERROR;
				CLANG_WARN_DOCUMENTATION_COMMENTS = YES;
				CLANG_WARN_EMPTY_BODY = YES;
				CLANG_WARN_ENUM_CONVERSION = YES;
				CLANG_WARN_INFINITE_RECURSION = YES;
				CLANG_WARN_INT_CONVERSION = YES;
				CLANG_WARN_NON_LITERAL_NULL_CONVERSION = YES;
				CLANG_WARN_OBJC_IMPLICIT_RETAIN_SELF = YES;
				CLANG_WARN_OBJC_LITERAL_CONVERSION = YES;
				CLANG_WARN_OBJC_ROOT_CLASS = YES_ERROR;
				CLANG_WARN_QUOTED_INCLUDE_IN_FRAMEWORK_HEADER = YES;
				CLANG_WARN_RANGE_LOOP_ANALYSIS = YES;
				CLANG_WARN_STRICT_PROTOTYPES = YES;
				CLANG_WARN_SUSPICIOUS_MOVE = YES;
				CLANG_WARN_UNGUARDED_AVAILABILITY = YES_AGGRESSIVE;
				CLANG_WARN_UNREACHABLE_CODE = YES;
				CLANG_WARN__DUPLICATE_METHOD_MATCH = YES;
				COPY_PHASE_STRIP = NO;
				DEBUG_INFORMATION_FORMAT = dwarf;
				ENABLE_STRICT_OBJC_MSGSEND = YES;
				ENABLE_TESTABILITY = YES;
				ENABLE_USER_SCRIPT_SANDBOXING = YES;
				GCC_C_LANGUAGE_STANDARD = gnu17;
				GCC_DYNAMIC_NO_PIC = NO;
				GCC_NO_COMMON_BLOCKS = YES;
				GCC_OPTIMIZATION_LEVEL = 0;
				GCC_PREPROCESSOR_DEFINITIONS = (
					"DEBUG=1",
					"$(inherited)",
				);
				GCC_WARN_64_TO_32_BIT_CONVERSION = YES;
				GCC_WARN_ABOUT_RETURN_TYPE = YES_ERROR;
				GCC_WARN_UNDECLARED_SELECTOR = YES;
				GCC_WARN_UNINITIALIZED_AUTOS = YES_AGGRESSIVE;
				GCC_WARN_UNUSED_FUNCTION = YES;
				GCC_WARN_UNUSED_VARIABLE = YES;
				IPHONEOS_DEPLOYMENT_TARGET = 17.2;
				LOCALIZATION_PREFERS_STRING_CATALOGS = YES;
				MTL_ENABLE_DEBUG_INFO = INCLUDE_SOURCE;
				MTL_FAST_MATH = YES;
				ONLY_ACTIVE_ARCH = YES;
				SDKROOT = iphoneos;
				SWIFT_ACTIVE_COMPILATION_CONDITIONS = "DEBUG $(inherited)";
				SWIFT_OPTIMIZATION_LEVEL = "-Onone";
			};
			name = Debug;
		};
		CB0591AD2B7B247D00DE5EF9 /* Release */ = {
			isa = XCBuildConfiguration;
			buildSettings = {
				ALWAYS_SEARCH_USER_PATHS = NO;
				ASSETCATALOG_COMPILER_GENERATE_SWIFT_ASSET_SYMBOL_EXTENSIONS = YES;
				CLANG_ANALYZER_NONNULL = YES;
				CLANG_ANALYZER_NUMBER_OBJECT_CONVERSION = YES_AGGRESSIVE;
				CLANG_CXX_LANGUAGE_STANDARD = "gnu++20";
				CLANG_ENABLE_MODULES = YES;
				CLANG_ENABLE_OBJC_ARC = YES;
				CLANG_ENABLE_OBJC_WEAK = YES;
				CLANG_WARN_BLOCK_CAPTURE_AUTORELEASING = YES;
				CLANG_WARN_BOOL_CONVERSION = YES;
				CLANG_WARN_COMMA = YES;
				CLANG_WARN_CONSTANT_CONVERSION = YES;
				CLANG_WARN_DEPRECATED_OBJC_IMPLEMENTATIONS = YES;
				CLANG_WARN_DIRECT_OBJC_ISA_USAGE = YES_ERROR;
				CLANG_WARN_DOCUMENTATION_COMMENTS = YES;
				CLANG_WARN_EMPTY_BODY = YES;
				CLANG_WARN_ENUM_CONVERSION = YES;
				CLANG_WARN_INFINITE_RECURSION = YES;
				CLANG_WARN_INT_CONVERSION = YES;
				CLANG_WARN_NON_LITERAL_NULL_CONVERSION = YES;
				CLANG_WARN_OBJC_IMPLICIT_RETAIN_SELF = YES;
				CLANG_WARN_OBJC_LITERAL_CONVERSION = YES;
				CLANG_WARN_OBJC_ROOT_CLASS = YES_ERROR;
				CLANG_WARN_QUOTED_INCLUDE_IN_FRAMEWORK_HEADER = YES;
				CLANG_WARN_RANGE_LOOP_ANALYSIS = YES;
				CLANG_WARN_STRICT_PROTOTYPES = YES;
				CLANG_WARN_SUSPICIOUS_MOVE = YES;
				CLANG_WARN_UNGUARDED_AVAILABILITY = YES_AGGRESSIVE;
				CLANG_WARN_UNREACHABLE_CODE = YES;
				CLANG_WARN__DUPLICATE_METHOD_MATCH = YES;
				COPY_PHASE_STRIP = NO;
				DEBUG_INFORMATION_FORMAT = "dwarf-with-dsym";
				ENABLE_NS_ASSERTIONS = NO;
				ENABLE_STRICT_OBJC_MSGSEND = YES;
				ENABLE_USER_SCRIPT_SANDBOXING = YES;
				GCC_C_LANGUAGE_STANDARD = gnu17;
				GCC_NO_COMMON_BLOCKS = YES;
				GCC_WARN_64_TO_32_BIT_CONVERSION = YES;
				GCC_WARN_ABOUT_RETURN_TYPE = YES_ERROR;
				GCC_WARN_UNDECLARED_SELECTOR = YES;
				GCC_WARN_UNINITIALIZED_AUTOS = YES_AGGRESSIVE;
				GCC_WARN_UNUSED_FUNCTION = YES;
				GCC_WARN_UNUSED_VARIABLE = YES;
				IPHONEOS_DEPLOYMENT_TARGET = 17.2;
				LOCALIZATION_PREFERS_STRING_CATALOGS = YES;
				MTL_ENABLE_DEBUG_INFO = NO;
				MTL_FAST_MATH = YES;
				SDKROOT = iphoneos;
				SWIFT_COMPILATION_MODE = wholemodule;
				VALIDATE_PRODUCT = YES;
			};
			name = Release;
		};
		CB0591AF2B7B247D00DE5EF9 /* Debug */ = {
			isa = XCBuildConfiguration;
			buildSettings = {
				ASSETCATALOG_COMPILER_APPICON_NAME = AppIcon;
				ASSETCATALOG_COMPILER_GLOBAL_ACCENT_COLOR_NAME = AccentColor;
				CODE_SIGN_STYLE = Automatic;
				CURRENT_PROJECT_VERSION = 1;
				DEVELOPMENT_ASSET_PATHS = "\"Cards/Preview Content\"";
				DEVELOPMENT_TEAM = A3UG88NF5J;
				ENABLE_PREVIEWS = YES;
				GENERATE_INFOPLIST_FILE = YES;
				INFOPLIST_KEY_UIApplicationSceneManifest_Generation = YES;
				INFOPLIST_KEY_UIApplicationSupportsIndirectInputEvents = YES;
				INFOPLIST_KEY_UILaunchScreen_Generation = YES;
				INFOPLIST_KEY_UISupportedInterfaceOrientations_iPad = "UIInterfaceOrientationPortrait UIInterfaceOrientationPortraitUpsideDown UIInterfaceOrientationLandscapeLeft UIInterfaceOrientationLandscapeRight";
				INFOPLIST_KEY_UISupportedInterfaceOrientations_iPhone = "UIInterfaceOrientationPortrait UIInterfaceOrientationLandscapeLeft UIInterfaceOrientationLandscapeRight";
				IPHONEOS_DEPLOYMENT_TARGET = 15.0;
				LD_RUNPATH_SEARCH_PATHS = (
					"$(inherited)",
					"@executable_path/Frameworks",
				);
				MARKETING_VERSION = 1.0;
				PRODUCT_BUNDLE_IDENTIFIER = nzdream.Cards;
				PRODUCT_NAME = "$(TARGET_NAME)";
				SWIFT_EMIT_LOC_STRINGS = YES;
				SWIFT_VERSION = 5.0;
				TARGETED_DEVICE_FAMILY = "1,2";
			};
			name = Debug;
		};
		CB0591B02B7B247D00DE5EF9 /* Release */ = {
			isa = XCBuildConfiguration;
			buildSettings = {
				ASSETCATALOG_COMPILER_APPICON_NAME = AppIcon;
				ASSETCATALOG_COMPILER_GLOBAL_ACCENT_COLOR_NAME = AccentColor;
				CODE_SIGN_STYLE = Automatic;
				CURRENT_PROJECT_VERSION = 1;
				DEVELOPMENT_ASSET_PATHS = "\"Cards/Preview Content\"";
				DEVELOPMENT_TEAM = A3UG88NF5J;
				ENABLE_PREVIEWS = YES;
				GENERATE_INFOPLIST_FILE = YES;
				INFOPLIST_KEY_UIApplicationSceneManifest_Generation = YES;
				INFOPLIST_KEY_UIApplicationSupportsIndirectInputEvents = YES;
				INFOPLIST_KEY_UILaunchScreen_Generation = YES;
				INFOPLIST_KEY_UISupportedInterfaceOrientations_iPad = "UIInterfaceOrientationPortrait UIInterfaceOrientationPortraitUpsideDown UIInterfaceOrientationLandscapeLeft UIInterfaceOrientationLandscapeRight";
				INFOPLIST_KEY_UISupportedInterfaceOrientations_iPhone = "UIInterfaceOrientationPortrait UIInterfaceOrientationLandscapeLeft UIInterfaceOrientationLandscapeRight";
				IPHONEOS_DEPLOYMENT_TARGET = 15.0;
				LD_RUNPATH_SEARCH_PATHS = (
					"$(inherited)",
					"@executable_path/Frameworks",
				);
				MARKETING_VERSION = 1.0;
				PRODUCT_BUNDLE_IDENTIFIER = nzdream.Cards;
				PRODUCT_NAME = "$(TARGET_NAME)";
				SWIFT_EMIT_LOC_STRINGS = YES;
				SWIFT_VERSION = 5.0;
				TARGETED_DEVICE_FAMILY = "1,2";
			};
			name = Release;
		};
		CB0591B22B7B247D00DE5EF9 /* Debug */ = {
			isa = XCBuildConfiguration;
			buildSettings = {
				ALWAYS_EMBED_SWIFT_STANDARD_LIBRARIES = YES;
				BUNDLE_LOADER = "$(TEST_HOST)";
				CODE_SIGN_STYLE = Automatic;
				CURRENT_PROJECT_VERSION = 1;
				DEVELOPMENT_TEAM = A3UG88NF5J;
				GENERATE_INFOPLIST_FILE = YES;
				IPHONEOS_DEPLOYMENT_TARGET = 15.0;
				MARKETING_VERSION = 1.0;
				PRODUCT_BUNDLE_IDENTIFIER = nzdream.CardsTests;
				PRODUCT_NAME = "$(TARGET_NAME)";
				SWIFT_EMIT_LOC_STRINGS = NO;
				SWIFT_VERSION = 5.0;
				TARGETED_DEVICE_FAMILY = "1,2";
				TEST_HOST = "$(BUILT_PRODUCTS_DIR)/Cards.app/$(BUNDLE_EXECUTABLE_FOLDER_PATH)/Cards";
			};
			name = Debug;
		};
		CB0591B32B7B247D00DE5EF9 /* Release */ = {
			isa = XCBuildConfiguration;
			buildSettings = {
				ALWAYS_EMBED_SWIFT_STANDARD_LIBRARIES = YES;
				BUNDLE_LOADER = "$(TEST_HOST)";
				CODE_SIGN_STYLE = Automatic;
				CURRENT_PROJECT_VERSION = 1;
				DEVELOPMENT_TEAM = A3UG88NF5J;
				GENERATE_INFOPLIST_FILE = YES;
				IPHONEOS_DEPLOYMENT_TARGET = 15.0;
				MARKETING_VERSION = 1.0;
				PRODUCT_BUNDLE_IDENTIFIER = nzdream.CardsTests;
				PRODUCT_NAME = "$(TARGET_NAME)";
				SWIFT_EMIT_LOC_STRINGS = NO;
				SWIFT_VERSION = 5.0;
				TARGETED_DEVICE_FAMILY = "1,2";
				TEST_HOST = "$(BUILT_PRODUCTS_DIR)/Cards.app/$(BUNDLE_EXECUTABLE_FOLDER_PATH)/Cards";
			};
			name = Release;
		};
		CB0591B52B7B247D00DE5EF9 /* Debug */ = {
			isa = XCBuildConfiguration;
			buildSettings = {
				ALWAYS_EMBED_SWIFT_STANDARD_LIBRARIES = YES;
				CODE_SIGN_STYLE = Automatic;
				CURRENT_PROJECT_VERSION = 1;
				DEVELOPMENT_TEAM = A3UG88NF5J;
				GENERATE_INFOPLIST_FILE = YES;
				IPHONEOS_DEPLOYMENT_TARGET = 15.0;
				MARKETING_VERSION = 1.0;
				PRODUCT_BUNDLE_IDENTIFIER = nzdream.CardsUITests;
				PRODUCT_NAME = "$(TARGET_NAME)";
				SWIFT_EMIT_LOC_STRINGS = NO;
				SWIFT_VERSION = 5.0;
				TARGETED_DEVICE_FAMILY = "1,2";
				TEST_TARGET_NAME = Cards;
			};
			name = Debug;
		};
		CB0591B62B7B247D00DE5EF9 /* Release */ = {
			isa = XCBuildConfiguration;
			buildSettings = {
				ALWAYS_EMBED_SWIFT_STANDARD_LIBRARIES = YES;
				CODE_SIGN_STYLE = Automatic;
				CURRENT_PROJECT_VERSION = 1;
				DEVELOPMENT_TEAM = A3UG88NF5J;
				GENERATE_INFOPLIST_FILE = YES;
				IPHONEOS_DEPLOYMENT_TARGET = 15.0;
				MARKETING_VERSION = 1.0;
				PRODUCT_BUNDLE_IDENTIFIER = nzdream.CardsUITests;
				PRODUCT_NAME = "$(TARGET_NAME)";
				SWIFT_EMIT_LOC_STRINGS = NO;
				SWIFT_VERSION = 5.0;
				TARGETED_DEVICE_FAMILY = "1,2";
				TEST_TARGET_NAME = Cards;
			};
			name = Release;
		};
/* End XCBuildConfiguration section */

/* Begin XCConfigurationList section */
		CB0591802B7B247900DE5EF9 /* Build configuration list for PBXProject "Cards" */ = {
			isa = XCConfigurationList;
			buildConfigurations = (
				CB0591AC2B7B247D00DE5EF9 /* Debug */,
				CB0591AD2B7B247D00DE5EF9 /* Release */,
			);
			defaultConfigurationIsVisible = 0;
			defaultConfigurationName = Release;
		};
		CB0591AE2B7B247D00DE5EF9 /* Build configuration list for PBXNativeTarget "Cards" */ = {
			isa = XCConfigurationList;
			buildConfigurations = (
				CB0591AF2B7B247D00DE5EF9 /* Debug */,
				CB0591B02B7B247D00DE5EF9 /* Release */,
			);
			defaultConfigurationIsVisible = 0;
			defaultConfigurationName = Release;
		};
		CB0591B12B7B247D00DE5EF9 /* Build configuration list for PBXNativeTarget "CardsTests" */ = {
			isa = XCConfigurationList;
			buildConfigurations = (
				CB0591B22B7B247D00DE5EF9 /* Debug */,
				CB0591B32B7B247D00DE5EF9 /* Release */,
			);
			defaultConfigurationIsVisible = 0;
			defaultConfigurationName = Release;
		};
		CB0591B42B7B247D00DE5EF9 /* Build configuration list for PBXNativeTarget "CardsUITests" */ = {
			isa = XCConfigurationList;
			buildConfigurations = (
				CB0591B52B7B247D00DE5EF9 /* Debug */,
				CB0591B62B7B247D00DE5EF9 /* Release */,
			);
			defaultConfigurationIsVisible = 0;
			defaultConfigurationName = Release;
		};
/* End XCConfigurationList section */

/* Begin XCRemoteSwiftPackageReference section */
		CB1BFC652B7C1FA40001447A /* XCRemoteSwiftPackageReference "Swinject" */ = {
			isa = XCRemoteSwiftPackageReference;
			repositoryURL = "https://github.com/Swinject/Swinject.git";
			requirement = {
				kind = upToNextMajorVersion;
				minimumVersion = 2.8.4;
			};
		};
/* End XCRemoteSwiftPackageReference section */

/* Begin XCSwiftPackageProductDependency section */
		CB1BFC662B7C1FA40001447A /* Swinject */ = {
			isa = XCSwiftPackageProductDependency;
			package = CB1BFC652B7C1FA40001447A /* XCRemoteSwiftPackageReference "Swinject" */;
			productName = Swinject;
		};
/* End XCSwiftPackageProductDependency section */
	};
	rootObject = CB05917D2B7B247900DE5EF9 /* Project object */;
}
